
Microsoft Visual Studio Solution File, Format Version 12.00
# Visual Studio Version 17
VisualStudioVersion = 17.8.34511.84
MinimumVisualStudioVersion = 10.0.40219.1
Project("{FAE04EC0-301F-11D3-BF4B-00C04F79EFBC}") = "appAquaGuardians", "appAquaGuardians\appAquaGuardians.csproj", "{E46BE896-DCAC-4460-89AB-6B7A4E6CAA38}"
EndProject
Global
	GlobalSection(SolutionConfigurationPlatforms) = preSolution
		Debug|Any CPU = Debug|Any CPU
		Release|Any CPU = Release|Any CPU
	EndGlobalSection
	GlobalSection(ProjectConfigurationPlatforms) = postSolution
		{E46BE896-DCAC-4460-89AB-6B7A4E6CAA38}.Debug|Any CPU.ActiveCfg = Debug|Any CPU
		{E46BE896-DCAC-4460-89AB-6B7A4E6CAA38}.Debug|Any CPU.Build.0 = Debug|Any CPU
		{E46BE896-DCAC-4460-89AB-6B7A4E6CAA38}.Release|Any CPU.ActiveCfg = Release|Any CPU
		{E46BE896-DCAC-4460-89AB-6B7A4E6CAA38}.Release|Any CPU.Build.0 = Release|Any CPU
	EndGlobalSection
	GlobalSection(SolutionProperties) = preSolution
		HideSolutionNode = FALSE
	EndGlobalSection
	GlobalSection(ExtensibilityGlobals) = postSolution
		SolutionGuid = {13D33F09-9049-4036-9494-E261A6527B87}
	EndGlobalSection
EndGlobal
