
Microsoft Visual Studio Solution File, Format Version 12.00
# Visual Studio Version 17
VisualStudioVersion = 17.10.35122.118
MinimumVisualStudioVersion = 10.0.40219.1
Project("{FAE04EC0-301F-11D3-BF4B-00C04F79EFBC}") = "apiAquaGuardians", "apiAquaGuardians.csproj", "{ED08E4AD-5B97-47CE-8293-D7CDC37D1999}"
EndProject
Global
	GlobalSection(SolutionConfigurationPlatforms) = preSolution
		Debug|Any CPU = Debug|Any CPU
		Release|Any CPU = Release|Any CPU
	EndGlobalSection
	GlobalSection(ProjectConfigurationPlatforms) = postSolution
		{ED08E4AD-5B97-47CE-8293-D7CDC37D1999}.Debug|Any CPU.ActiveCfg = Debug|Any CPU
		{ED08E4AD-5B97-47CE-8293-D7CDC37D1999}.Debug|Any CPU.Build.0 = Debug|Any CPU
		{ED08E4AD-5B97-47CE-8293-D7CDC37D1999}.Release|Any CPU.ActiveCfg = Release|Any CPU
		{ED08E4AD-5B97-47CE-8293-D7CDC37D1999}.Release|Any CPU.Build.0 = Release|Any CPU
	EndGlobalSection
	GlobalSection(SolutionProperties) = preSolution
		HideSolutionNode = FALSE
	EndGlobalSection
	GlobalSection(ExtensibilityGlobals) = postSolution
		SolutionGuid = {5BA69E0B-94D8-4D1F-AC2F-07060326A32F}
	EndGlobalSection
EndGlobal
